// !$*UTF8*$!
{
	archiveVersion = 1;
	classes = {
	};
	objectVersion = 46;
	objects = {

/* Begin PBXBuildFile section */
		7894FDD6171A2C6D00A268A8 /* UIKit.framework in Frameworks */ = {isa = PBXBuildFile; fileRef = 7894FDD5171A2C6D00A268A8 /* UIKit.framework */; };
		7894FDD8171A2C6D00A268A8 /* Foundation.framework in Frameworks */ = {isa = PBXBuildFile; fileRef = 7894FDD7171A2C6D00A268A8 /* Foundation.framework */; };
		7894FDDA171A2C6D00A268A8 /* CoreGraphics.framework in Frameworks */ = {isa = PBXBuildFile; fileRef = 7894FDD9171A2C6D00A268A8 /* CoreGraphics.framework */; };
		7894FDE0171A2C6D00A268A8 /* InfoPlist.strings in Resources */ = {isa = PBXBuildFile; fileRef = 7894FDDE171A2C6D00A268A8 /* InfoPlist.strings */; };
		7894FDE2171A2C6D00A268A8 /* main.m in Sources */ = {isa = PBXBuildFile; fileRef = 7894FDE1171A2C6D00A268A8 /* main.m */; };
		7894FDE6171A2C6D00A268A8 /* StatesAppDelegate.m in Sources */ = {isa = PBXBuildFile; fileRef = 7894FDE5171A2C6D00A268A8 /* StatesAppDelegate.m */; };
		7894FDE8171A2C6D00A268A8 /* Default.png in Resources */ = {isa = PBXBuildFile; fileRef = 7894FDE7171A2C6D00A268A8 /* Default.png */; };
		7894FDEA171A2C6D00A268A8 /* Default@2x.png in Resources */ = {isa = PBXBuildFile; fileRef = 7894FDE9171A2C6D00A268A8 /* Default@2x.png */; };
		7894FDEC171A2C6D00A268A8 /* Default-568h@2x.png in Resources */ = {isa = PBXBuildFile; fileRef = 7894FDEB171A2C6D00A268A8 /* Default-568h@2x.png */; };
		7894FDF4171A2C9C00A268A8 /* MyTableViewController.m in Sources */ = {isa = PBXBuildFile; fileRef = 7894FDF3171A2C9C00A268A8 /* MyTableViewController.m */; };
		789DF99A171B8D2E00096B1B /* Alaska.jpg in Resources */ = {isa = PBXBuildFile; fileRef = 789DF999171B8D2E00096B1B /* Alaska.jpg */; };
/* End PBXBuildFile section */

/* Begin PBXFileReference section */
		7894FDD2171A2C6D00A268A8 /* MyStates.app */ = {isa = PBXFileReference; explicitFileType = wrapper.application; includeInIndex = 0; path = MyStates.app; sourceTree = BUILT_PRODUCTS_DIR; };
		7894FDD5171A2C6D00A268A8 /* UIKit.framework */ = {isa = PBXFileReference; lastKnownFileType = wrapper.framework; name = UIKit.framework; path = System/Library/Frameworks/UIKit.framework; sourceTree = SDKROOT; };
		7894FDD7171A2C6D00A268A8 /* Foundation.framework */ = {isa = PBXFileReference; lastKnownFileType = wrapper.framework; name = Foundation.framework; path = System/Library/Frameworks/Foundation.framework; sourceTree = SDKROOT; };
		7894FDD9171A2C6D00A268A8 /* CoreGraphics.framework */ = {isa = PBXFileReference; lastKnownFileType = wrapper.framework; name = CoreGraphics.framework; path = System/Library/Frameworks/CoreGraphics.framework; sourceTree = SDKROOT; };
		7894FDDD171A2C6D00A268A8 /* MyStates-Info.plist */ = {isa = PBXFileReference; lastKnownFileType = text.plist.xml; path = "MyStates-Info.plist"; sourceTree = "<group>"; };
		7894FDDF171A2C6D00A268A8 /* en */ = {isa = PBXFileReference; lastKnownFileType = text.plist.strings; name = en; path = en.lproj/InfoPlist.strings; sourceTree = "<group>"; };
		7894FDE1171A2C6D00A268A8 /* main.m */ = {isa = PBXFileReference; lastKnownFileType = sourcecode.c.objc; path = main.m; sourceTree = "<group>"; };
		7894FDE3171A2C6D00A268A8 /* MyStates-Prefix.pch */ = {isa = PBXFileReference; lastKnownFileType = sourcecode.c.h; path = "MyStates-Prefix.pch"; sourceTree = "<group>"; };
		7894FDE4171A2C6D00A268A8 /* StatesAppDelegate.h */ = {isa = PBXFileReference; lastKnownFileType = sourcecode.c.h; path = StatesAppDelegate.h; sourceTree = "<group>"; };
		7894FDE5171A2C6D00A268A8 /* StatesAppDelegate.m */ = {isa = PBXFileReference; lastKnownFileType = sourcecode.c.objc; path = StatesAppDelegate.m; sourceTree = "<group>"; };
		7894FDE7171A2C6D00A268A8 /* Default.png */ = {isa = PBXFileReference; lastKnownFileType = image.png; path = Default.png; sourceTree = "<group>"; };
		7894FDE9171A2C6D00A268A8 /* Default@2x.png */ = {isa = PBXFileReference; lastKnownFileType = image.png; path = "Default@2x.png"; sourceTree = "<group>"; };
		7894FDEB171A2C6D00A268A8 /* Default-568h@2x.png */ = {isa = PBXFileReference; lastKnownFileType = image.png; path = "Default-568h@2x.png"; sourceTree = "<group>"; };
		7894FDF2171A2C9C00A268A8 /* MyTableViewController.h */ = {isa = PBXFileReference; fileEncoding = 4; lastKnownFileType = sourcecode.c.h; path = MyTableViewController.h; sourceTree = "<group>"; };
		7894FDF3171A2C9C00A268A8 /* MyTableViewController.m */ = {isa = PBXFileReference; fileEncoding = 4; lastKnownFileType = sourcecode.c.objc; path = MyTableViewController.m; sourceTree = "<group>"; };
		789DF999171B8D2E00096B1B /* Alaska.jpg */ = {isa = PBXFileReference; lastKnownFileType = image.jpeg; path = Alaska.jpg; sourceTree = "<group>"; };
/* End PBXFileReference section */

/* Begin PBXFrameworksBuildPhase section */
		7894FDCF171A2C6D00A268A8 /* Frameworks */ = {
			isa = PBXFrameworksBuildPhase;
			buildActionMask = 2147483647;
			files = (
				7894FDD6171A2C6D00A268A8 /* UIKit.framework in Frameworks */,
				7894FDD8171A2C6D00A268A8 /* Foundation.framework in Frameworks */,
				7894FDDA171A2C6D00A268A8 /* CoreGraphics.framework in Frameworks */,
			);
			runOnlyForDeploymentPostprocessing = 0;
		};
/* End PBXFrameworksBuildPhase section */

/* Begin PBXGroup section */
		7894FDC9171A2C6C00A268A8 = {
			isa = PBXGroup;
			children = (
				7894FDDB171A2C6D00A268A8 /* MyStates */,
				7894FDD4171A2C6D00A268A8 /* Frameworks */,
				7894FDD3171A2C6D00A268A8 /* Products */,
			);
			sourceTree = "<group>";
		};
		7894FDD3171A2C6D00A268A8 /* Products */ = {
			isa = PBXGroup;
			children = (
				7894FDD2171A2C6D00A268A8 /* MyStates.app */,
			);
			name = Products;
			sourceTree = "<group>";
		};
		7894FDD4171A2C6D00A268A8 /* Frameworks */ = {
			isa = PBXGroup;
			children = (
				7894FDD5171A2C6D00A268A8 /* UIKit.framework */,
				7894FDD7171A2C6D00A268A8 /* Foundation.framework */,
				7894FDD9171A2C6D00A268A8 /* CoreGraphics.framework */,
			);
			name = Frameworks;
			sourceTree = "<group>";
		};
		7894FDDB171A2C6D00A268A8 /* MyStates */ = {
			isa = PBXGroup;
			children = (
				7894FDE4171A2C6D00A268A8 /* StatesAppDelegate.h */,
				7894FDE5171A2C6D00A268A8 /* StatesAppDelegate.m */,
				7894FDF2171A2C9C00A268A8 /* MyTableViewController.h */,
				7894FDF3171A2C9C00A268A8 /* MyTableViewController.m */,
				7894FDDC171A2C6D00A268A8 /* Supporting Files */,
			);
			path = MyStates;
			sourceTree = "<group>";
		};
		7894FDDC171A2C6D00A268A8 /* Supporting Files */ = {
			isa = PBXGroup;
			children = (
				789DF999171B8D2E00096B1B /* Alaska.jpg */,
				7894FDDD171A2C6D00A268A8 /* MyStates-Info.plist */,
				7894FDDE171A2C6D00A268A8 /* InfoPlist.strings */,
				7894FDE1171A2C6D00A268A8 /* main.m */,
				7894FDE3171A2C6D00A268A8 /* MyStates-Prefix.pch */,
				7894FDE7171A2C6D00A268A8 /* Default.png */,
				7894FDE9171A2C6D00A268A8 /* Default@2x.png */,
				7894FDEB171A2C6D00A268A8 /* Default-568h@2x.png */,
			);
			name = "Supporting Files";
			sourceTree = "<group>";
		};
/* End PBXGroup section */

/* Begin PBXNativeTarget section */
		7894FDD1171A2C6D00A268A8 /* MyStates */ = {
			isa = PBXNativeTarget;
			buildConfigurationList = 7894FDEF171A2C6D00A268A8 /* Build configuration list for PBXNativeTarget "MyStates" */;
			buildPhases = (
				7894FDCE171A2C6D00A268A8 /* Sources */,
				7894FDCF171A2C6D00A268A8 /* Frameworks */,
				7894FDD0171A2C6D00A268A8 /* Resources */,
			);
			buildRules = (
			);
			dependencies = (
			);
			name = MyStates;
			productName = MyStates;
			productReference = 7894FDD2171A2C6D00A268A8 /* MyStates.app */;
			productType = "com.apple.product-type.application";
		};
/* End PBXNativeTarget section */

/* Begin PBXProject section */
		7894FDCA171A2C6C00A268A8 /* Project object */ = {
			isa = PBXProject;
			attributes = {
				CLASSPREFIX = States;
				LastUpgradeCheck = 0460;
				ORGANIZATIONNAME = "Mike Smith";
			};
			buildConfigurationList = 7894FDCD171A2C6C00A268A8 /* Build configuration list for PBXProject "MyStates" */;
			compatibilityVersion = "Xcode 3.2";
			developmentRegion = English;
			hasScannedForEncodings = 0;
			knownRegions = (
				en,
			);
			mainGroup = 7894FDC9171A2C6C00A268A8;
			productRefGroup = 7894FDD3171A2C6D00A268A8 /* Products */;
			projectDirPath = "";
			projectRoot = "";
			targets = (
				7894FDD1171A2C6D00A268A8 /* MyStates */,
			);
		};
/* End PBXProject section */

/* Begin PBXResourcesBuildPhase section */
		7894FDD0171A2C6D00A268A8 /* Resources */ = {
			isa = PBXResourcesBuildPhase;
			buildActionMask = 2147483647;
			files = (
				7894FDE0171A2C6D00A268A8 /* InfoPlist.strings in Resources */,
				7894FDE8171A2C6D00A268A8 /* Default.png in Resources */,
				7894FDEA171A2C6D00A268A8 /* Default@2x.png in Resources */,
				7894FDEC171A2C6D00A268A8 /* Default-568h@2x.png in Resources */,
				789DF99A171B8D2E00096B1B /* Alaska.jpg in Resources */,
			);
			runOnlyForDeploymentPostprocessing = 0;
		};
/* End PBXResourcesBuildPhase section */

/* Begin PBXSourcesBuildPhase section */
		7894FDCE171A2C6D00A268A8 /* Sources */ = {
			isa = PBXSourcesBuildPhase;
			buildActionMask = 2147483647;
			files = (
				7894FDE2171A2C6D00A268A8 /* main.m in Sources */,
				7894FDE6171A2C6D00A268A8 /* StatesAppDelegate.m in Sources */,
				7894FDF4171A2C9C00A268A8 /* MyTableViewController.m in Sources */,
			);
			runOnlyForDeploymentPostprocessing = 0;
		};
/* End PBXSourcesBuildPhase section */

/* Begin PBXVariantGroup section */
		7894FDDE171A2C6D00A268A8 /* InfoPlist.strings */ = {
			isa = PBXVariantGroup;
			children = (
				7894FDDF171A2C6D00A268A8 /* en */,
			);
			name = InfoPlist.strings;
			sourceTree = "<group>";
		};
/* End PBXVariantGroup section */

/* Begin XCBuildConfiguration section */
		7894FDED171A2C6D00A268A8 /* Debug */ = {
			isa = XCBuildConfiguration;
			buildSettings = {
				ALWAYS_SEARCH_USER_PATHS = NO;
				CLANG_CXX_LANGUAGE_STANDARD = "gnu++0x";
				CLANG_CXX_LIBRARY = "libc++";
				CLANG_ENABLE_OBJC_ARC = YES;
				CLANG_WARN_CONSTANT_CONVERSION = YES;
				CLANG_WARN_EMPTY_BODY = YES;
				CLANG_WARN_ENUM_CONVERSION = YES;
				CLANG_WARN_INT_CONVERSION = YES;
				CLANG_WARN__DUPLICATE_METHOD_MATCH = YES;
				"CODE_SIGN_IDENTITY[sdk=iphoneos*]" = "iPhone Developer";
				COPY_PHASE_STRIP = NO;
				GCC_C_LANGUAGE_STANDARD = gnu99;
				GCC_DYNAMIC_NO_PIC = NO;
				GCC_OPTIMIZATION_LEVEL = 0;
				GCC_PREPROCESSOR_DEFINITIONS = (
					"DEBUG=1",
					"$(inherited)",
				);
				GCC_SYMBOLS_PRIVATE_EXTERN = NO;
				GCC_WARN_ABOUT_RETURN_TYPE = YES;
				GCC_WARN_UNINITIALIZED_AUTOS = YES;
				GCC_WARN_UNUSED_VARIABLE = YES;
				IPHONEOS_DEPLOYMENT_TARGET = 6.1;
				ONLY_ACTIVE_ARCH = YES;
				SDKROOT = iphoneos;
			};
			name = Debug;
		};
		7894FDEE171A2C6D00A268A8 /* Release */ = {
			isa = XCBuildConfiguration;
			buildSettings = {
				ALWAYS_SEARCH_USER_PATHS = NO;
				CLANG_CXX_LANGUAGE_STANDARD = "gnu++0x";
				CLANG_CXX_LIBRARY = "libc++";
				CLANG_ENABLE_OBJC_ARC = YES;
				CLANG_WARN_CONSTANT_CONVERSION = YES;
				CLANG_WARN_EMPTY_BODY = YES;
				CLANG_WARN_ENUM_CONVERSION = YES;
				CLANG_WARN_INT_CONVERSION = YES;
				CLANG_WARN__DUPLICATE_METHOD_MATCH = YES;
				"CODE_SIGN_IDENTITY[sdk=iphoneos*]" = "iPhone Developer";
				COPY_PHASE_STRIP = YES;
				GCC_C_LANGUAGE_STANDARD = gnu99;
				GCC_WARN_ABOUT_RETURN_TYPE = YES;
				GCC_WARN_UNINITIALIZED_AUTOS = YES;
				GCC_WARN_UNUSED_VARIABLE = YES;
				IPHONEOS_DEPLOYMENT_TARGET = 6.1;
				OTHER_CFLAGS = "-DNS_BLOCK_ASSERTIONS=1";
				SDKROOT = iphoneos;
				VALIDATE_PRODUCT = YES;
			};
			name = Release;
		};
		7894FDF0171A2C6D00A268A8 /* Debug */ = {
			isa = XCBuildConfiguration;
			buildSettings = {
				GCC_PRECOMPILE_PREFIX_HEADER = YES;
				GCC_PREFIX_HEADER = "MyStates/MyStates-Prefix.pch";
				INFOPLIST_FILE = "MyStates/MyStates-Info.plist";
				PRODUCT_NAME = "$(TARGET_NAME)";
				WRAPPER_EXTENSION = app;
			};
			name = Debug;
		};
		7894FDF1171A2C6D00A268A8 /* Release */ = {
			isa = XCBuildConfiguration;
			buildSettings = {
				GCC_PRECOMPILE_PREFIX_HEADER = YES;
				GCC_PREFIX_HEADER = "MyStates/MyStates-Prefix.pch";
				INFOPLIST_FILE = "MyStates/MyStates-Info.plist";
				PRODUCT_NAME = "$(TARGET_NAME)";
				WRAPPER_EXTENSION = app;
			};
			name = Release;
		};
/* End XCBuildConfiguration section */

/* Begin XCConfigurationList section */
		7894FDCD171A2C6C00A268A8 /* Build configuration list for PBXProject "MyStates" */ = {
			isa = XCConfigurationList;
			buildConfigurations = (
				7894FDED171A2C6D00A268A8 /* Debug */,
				7894FDEE171A2C6D00A268A8 /* Release */,
			);
			defaultConfigurationIsVisible = 0;
			defaultConfigurationName = Release;
		};
		7894FDEF171A2C6D00A268A8 /* Build configuration list for PBXNativeTarget "MyStates" */ = {
			isa = XCConfigurationList;
			buildConfigurations = (
				7894FDF0171A2C6D00A268A8 /* Debug */,
				7894FDF1171A2C6D00A268A8 /* Release */,
			);
			defaultConfigurationIsVisible = 0;
			defaultConfigurationName = Release;
		};
/* End XCConfigurationList section */
	};
	rootObject = 7894FDCA171A2C6C00A268A8 /* Project object */;
}
